#MicroXplorer Configuration settings - do not modify
Mcu.Family=STM32F1
RCC.PLLSourceVirtual=RCC_PLLSOURCE_HSE
ProjectManager.MainLocation=Core/Src
NVIC.ADC1_2_IRQn=true\:5\:0\:false\:false\:true\:true\:true
RCC.MCOFreq_Value=72000000
ProjectManager.ProjectFileName=Projeto_Final.ioc
Dma.ADC1.0.Instance=DMA1_Channel1
FREERTOS.Tasks01=defaultTask,0,128,StartDefaultTask,Default,NULL
PD1-OSC_OUT.Mode=HSE-External-Oscillator
ProjectManager.KeepUserCode=true
Mcu.UserName=STM32F103C8Tx
Mcu.PinsNb=15
ADC1.ContinuousConvMode=ENABLE
ProjectManager.NoMain=false
ADC1.IPParameters=Rank-5\#ChannelRegularConversion,Channel-5\#ChannelRegularConversion,SamplingTime-5\#ChannelRegularConversion,NbrOfConversionFlag,master,Rank-6\#ChannelRegularConversion,Channel-6\#ChannelRegularConversion,SamplingTime-6\#ChannelRegularConversion,NbrOfConversion,ContinuousConvMode
SH.ADCx_IN2.0=ADC1_IN2,IN2
ADC1.SamplingTime-6\#ChannelRegularConversion=ADC_SAMPLETIME_239CYCLES_5
RCC.PLLCLKFreq_Value=72000000
PC13-TAMPER-RTC.GPIOParameters=GPIO_Label
ProjectManager.functionlistsort=1-MX_GPIO_Init-GPIO-false-HAL-true,2-MX_DMA_Init-DMA-false-HAL-true,3-SystemClock_Config-RCC-false-HAL-false,4-MX_ADC1_Init-ADC1-false-HAL-true
PC13-TAMPER-RTC.Signal=GPIO_Output
RCC.ADCFreqValue=12000000
ProjectManager.DefaultFWLocation=true
PD0-OSC_IN.Signal=RCC_OSC_IN
ProjectManager.DeletePrevious=true
RCC.APB1CLKDivider=RCC_HCLK_DIV2
PC15-OSC32_OUT.GPIO_Label=Joystick_key
PinOutPanel.RotationAngle=0
RCC.FamilyName=M
RCC.SYSCLKSource=RCC_SYSCLKSOURCE_PLLCLK
ProjectManager.StackSize=0x400
PD1-OSC_OUT.Signal=RCC_OSC_OUT
RCC.ADCPresc=RCC_ADCPCLK2_DIV6
PA13.Signal=SYS_JTMS-SWDIO
Mcu.IP4=RCC
RCC.FCLKCortexFreq_Value=72000000
Mcu.IP5=SYS
Mcu.IP2=FREERTOS
NVIC.SVCall_IRQn=true\:0\:0\:false\:false\:false\:false\:false
Mcu.IP3=NVIC
Mcu.IP0=ADC1
Dma.ADC1.0.PeriphDataAlignment=DMA_PDATAALIGN_WORD
Mcu.IP1=DMA
PC15-OSC32_OUT.Locked=true
Mcu.UserConstants=
ADC1.Channel-5\#ChannelRegularConversion=ADC_CHANNEL_1
ProjectManager.TargetToolchain=STM32CubeIDE
Dma.ADC1.0.Mode=DMA_CIRCULAR
Mcu.ThirdPartyNb=0
RCC.HCLKFreq_Value=72000000
Mcu.IPNb=6
ProjectManager.PreviousToolchain=STM32CubeIDE
Dma.ADC1.0.Priority=DMA_PRIORITY_LOW
RCC.APB2TimFreq_Value=72000000
Dma.ADC1.0.Direction=DMA_PERIPH_TO_MEMORY
Mcu.Pin6=PA3
Mcu.Pin7=PA4
ProjectManager.RegisterCallBack=
Mcu.Pin8=PA5
PC13-TAMPER-RTC.Locked=true
RCC.USBFreq_Value=72000000
Mcu.Pin9=PA6
FREERTOS.IPParameters=Tasks01,FootprintOK,configMAX_TASK_NAME_LEN
PC15-OSC32_OUT.Signal=GPIO_Input
Dma.ADC1.0.MemDataAlignment=DMA_MDATAALIGN_WORD
PA1.Signal=ADCx_IN1
RCC.AHBFreq_Value=72000000
Mcu.Pin0=PC13-TAMPER-RTC
Mcu.Pin1=PC15-OSC32_OUT
PD0-OSC_IN.Mode=HSE-External-Oscillator
Mcu.Pin2=PD0-OSC_IN
Mcu.Pin3=PD1-OSC_OUT
Mcu.Pin4=PA1
Mcu.Pin5=PA2
PA5.Signal=GPIO_Output
ProjectManager.ProjectBuild=false
NVIC.UsageFault_IRQn=true\:0\:0\:false\:false\:true\:false\:false
NVIC.DebugMonitor_IRQn=true\:0\:0\:false\:false\:true\:false\:false
board=FreeRTOS_LC5110_Joystick
PA4.Locked=true
NVIC.SysTick_IRQn=true\:15\:0\:false\:false\:true\:true\:false
ProjectManager.LastFirmware=true
PC13-TAMPER-RTC.GPIO_Label=LED_BUILTIN
RCC.PLLMUL=RCC_PLL_MUL9
RCC.VCOOutput2Freq_Value=8000000
Dma.ADC1.0.RequestParameters=Instance,Direction,PeriphInc,MemInc,PeriphDataAlignment,MemDataAlignment,Mode,Priority
ProjectManager.FirmwarePackage=STM32Cube FW_F1 V1.6.1
MxDb.Version=DB.4.0.250
ADC1.Channel-6\#ChannelRegularConversion=ADC_CHANNEL_2
VP_SYS_VS_tim4.Signal=SYS_VS_tim4
RCC.APB2Freq_Value=72000000
ProjectManager.BackupPrevious=false
MxCube.Version=4.25.0
PA14.Mode=Serial_Wire
SH.ADCx_IN1.ConfNb=1
SH.ADCx_IN2.ConfNb=1
Dma.ADC1.0.PeriphInc=DMA_PINC_DISABLE
File.Version=6
PC15-OSC32_OUT.GPIO_PuPd=GPIO_PULLUP
NVIC.NonMaskableInt_IRQn=true\:0\:0\:false\:false\:true\:false\:false
NVIC.PendSV_IRQn=true\:15\:0\:false\:false\:false\:true\:false
ADC1.NbrOfConversion=2
PA13.Mode=Serial_Wire
ProjectManager.FreePins=false
RCC.IPParameters=ADCFreqValue,ADCPresc,AHBFreq_Value,APB1CLKDivider,APB1Freq_Value,APB1TimFreq_Value,APB2Freq_Value,APB2TimFreq_Value,FCLKCortexFreq_Value,FamilyName,HCLKFreq_Value,MCOFreq_Value,PLLCLKFreq_Value,PLLMCOFreq_Value,PLLMUL,PLLSourceVirtual,SYSCLKFreq_VALUE,SYSCLKSource,TimSysFreq_Value,USBFreq_Value,VCOOutput2Freq_Value
ProjectManager.AskForMigrate=true
Mcu.Name=STM32F103C(8-B)Tx
Dma.RequestsNb=1
ProjectManager.HalAssertFull=false
PA2.Signal=ADCx_IN2
ProjectManager.ProjectName=Projeto_Final
ProjectManager.UnderRoot=true
VP_FREERTOS_VS_ENABLE.Mode=Enabled
RCC.PLLMCOFreq_Value=36000000
ProjectManager.CoupleFile=false
PA4.Signal=GPIO_Output
RCC.SYSCLKFreq_VALUE=72000000
Mcu.Package=LQFP48
PA6.Signal=GPIO_Output
RCC.TimSysFreq_Value=72000000
PA1.Locked=true
ADC1.master=1
PA5.Locked=true
PA3.Locked=true
PA7.Locked=true
NVIC.TimeBase=TIM4_IRQn
NVIC.ForceEnableDMAVector=true
KeepUserPlacement=true
NVIC.MemoryManagement_IRQn=true\:0\:0\:false\:false\:true\:false\:false
ProjectManager.CompilerOptimize=3
ProjectManager.ToolChainLocation=
NVIC.TimeBaseIP=TIM4
PA14.Signal=SYS_JTCK-SWCLK
Dma.ADC1.0.MemInc=DMA_MINC_ENABLE
FREERTOS.FootprintOK=true
ProjectManager.HeapSize=0x200
NVIC.HardFault_IRQn=true\:0\:0\:false\:false\:true\:false\:false
Mcu.Pin13=VP_FREERTOS_VS_ENABLE
Mcu.Pin14=VP_SYS_VS_tim4
VP_SYS_VS_tim4.Mode=TIM4
ADC1.SamplingTime-5\#ChannelRegularConversion=ADC_SAMPLETIME_239CYCLES_5
ProjectManager.ComputerToolchain=false
NVIC.PriorityGroup=NVIC_PRIORITYGROUP_4
ADC1.NbrOfConversionFlag=1
SH.ADCx_IN1.0=ADC1_IN1,IN1
Mcu.Pin11=PA13
Mcu.Pin12=PA14
Mcu.Pin10=PA7
RCC.APB1TimFreq_Value=72000000
NVIC.BusFault_IRQn=true\:0\:0\:false\:false\:true\:false\:false
NVIC.DMA1_Channel1_IRQn=true\:5\:0\:false\:false\:true\:true\:false
PC15-OSC32_OUT.GPIOParameters=GPIO_PuPd,GPIO_Label
VP_FREERTOS_VS_ENABLE.Signal=FREERTOS_VS_ENABLE
FREERTOS.configMAX_TASK_NAME_LEN=30
NVIC.TIM4_IRQn=true\:0\:0\:false\:false\:true\:false\:false
ADC1.Rank-6\#ChannelRegularConversion=2
Dma.Request0=ADC1
RCC.APB1Freq_Value=36000000
ProjectManager.CustomerFirmwarePackage=
ADC1.Rank-5\#ChannelRegularConversion=1
ProjectManager.DeviceId=STM32F103C8Tx
ProjectManager.LibraryCopy=1
PA3.Signal=GPIO_Output
PA7.Signal=GPIO_Output
PA6.Locked=true
PA2.Locked=true
isbadioc=false
